
Microsoft Visual Studio Solution File, Format Version 12.00
# Visual Studio Version 16
VisualStudioVersion = 16.0.30611.23
MinimumVisualStudioVersion = 10.0.40219.1
Project("{FAE04EC0-301F-11D3-BF4B-00C04F79EFBC}") = "Auditech-Web", "Auditech-Web\Auditech-Web.csproj", "{2E87CCBF-6000-4F1B-88D4-61FD7ED8AD9E}"
EndProject
Project("{FAE04EC0-301F-11D3-BF4B-00C04F79EFBC}") = "Library", "Library\Library.csproj", "{4596B54D-0DFC-4F76-9EEA-8D1798E28543}"
EndProject
Global
	GlobalSection(SolutionConfigurationPlatforms) = preSolution
		Debug|Any CPU = Debug|Any CPU
		Release|Any CPU = Release|Any CPU
	EndGlobalSection
	GlobalSection(ProjectConfigurationPlatforms) = postSolution
		{2E87CCBF-6000-4F1B-88D4-61FD7ED8AD9E}.Debug|Any CPU.ActiveCfg = Debug|Any CPU
		{2E87CCBF-6000-4F1B-88D4-61FD7ED8AD9E}.Debug|Any CPU.Build.0 = Debug|Any CPU
		{2E87CCBF-6000-4F1B-88D4-61FD7ED8AD9E}.Release|Any CPU.ActiveCfg = Release|Any CPU
		{2E87CCBF-6000-4F1B-88D4-61FD7ED8AD9E}.Release|Any CPU.Build.0 = Release|Any CPU
		{4596B54D-0DFC-4F76-9EEA-8D1798E28543}.Debug|Any CPU.ActiveCfg = Debug|Any CPU
		{4596B54D-0DFC-4F76-9EEA-8D1798E28543}.Debug|Any CPU.Build.0 = Debug|Any CPU
		{4596B54D-0DFC-4F76-9EEA-8D1798E28543}.Release|Any CPU.ActiveCfg = Release|Any CPU
		{4596B54D-0DFC-4F76-9EEA-8D1798E28543}.Release|Any CPU.Build.0 = Release|Any CPU
	EndGlobalSection
	GlobalSection(SolutionProperties) = preSolution
		HideSolutionNode = FALSE
	EndGlobalSection
	GlobalSection(ExtensibilityGlobals) = postSolution
		SolutionGuid = {088591F3-B80E-4C5A-BD7C-3FA88112D244}
	EndGlobalSection
EndGlobal
